{
    "version": 3,
    "terraform_version": "0.11.7",
    "serial": 4,
    "lineage": "71d3c9f9-2dc3-20d9-73d4-3e2ce573038a",
    "modules": [
        {
            "path": [
                "root"
            ],
            "outputs": {},
            "resources": {
                "aws_iam_role.iam_for_lambda": {
                    "type": "aws_iam_role",
                    "depends_on": [],
                    "primary": {
                        "id": "iam_for_lambda",
                        "attributes": {
                            "arn": "arn:aws:iam::195365067557:role/iam_for_lambda",
                            "assume_role_policy": "{\"Version\":\"2012-10-17\",\"Statement\":[{\"Sid\":\"\",\"Effect\":\"Allow\",\"Principal\":{\"Service\":\"lambda.amazonaws.com\"},\"Action\":\"sts:AssumeRole\"}]}",
                            "create_date": "2018-08-13T01:34:37Z",
                            "description": "",
                            "force_detach_policies": "false",
                            "id": "iam_for_lambda",
                            "max_session_duration": "3600",
                            "name": "iam_for_lambda",
                            "path": "/",
                            "unique_id": "AROAIBY72YX3WOXHLEA4M"
                        },
                        "meta": {},
                        "tainted": false
                    },
                    "deposed": [],
                    "provider": "provider.aws"
                },
                "aws_lambda_function.dale_lambda": {
                    "type": "aws_lambda_function",
                    "depends_on": [
                        "aws_iam_role.iam_for_lambda",
                        "aws_s3_bucket.dale-bucket",
                        "aws_s3_bucket_object.dale-function"
                    ],
                    "primary": {
                        "id": "dale_slack",
                        "attributes": {
                            "arn": "arn:aws:lambda:us-east-1:195365067557:function:dale_slack",
                            "dead_letter_config.#": "0",
                            "description": "",
                            "environment.#": "0",
                            "function_name": "dale_slack",
                            "handler": "handler.dale_gif",
                            "id": "dale_slack",
                            "invoke_arn": "arn:aws:apigateway:us-east-1:lambda:path/2015-03-31/functions/arn:aws:lambda:us-east-1:195365067557:function:dale_slack/invocations",
                            "kms_key_arn": "",
                            "last_modified": "2018-08-13T01:39:55.681+0000",
                            "memory_size": "128",
                            "publish": "false",
                            "qualified_arn": "arn:aws:lambda:us-east-1:195365067557:function:dale_slack:$LATEST",
                            "reserved_concurrent_executions": "0",
                            "role": "arn:aws:iam::195365067557:role/iam_for_lambda",
                            "runtime": "python3.6",
                            "s3_bucket": "dale-slack-bucket",
                            "s3_key": "dale-slack-lambda",
                            "source_code_hash": "B18jp0V7QurfEfRBhRZSwymmjeM7uQD7FIchhZFnjVE=",
                            "source_code_size": "1359154",
                            "tags.%": "0",
                            "timeout": "3",
                            "tracing_config.#": "1",
                            "tracing_config.0.mode": "PassThrough",
                            "version": "$LATEST",
                            "vpc_config.#": "0"
                        },
                        "meta": {},
                        "tainted": false
                    },
                    "deposed": [],
                    "provider": "provider.aws"
                },
                "aws_s3_bucket.dale-bucket": {
                    "type": "aws_s3_bucket",
                    "depends_on": [],
                    "primary": {
                        "id": "dale-slack-bucket",
                        "attributes": {
                            "acceleration_status": "",
                            "acl": "public-read",
                            "arn": "arn:aws:s3:::dale-slack-bucket",
                            "bucket": "dale-slack-bucket",
                            "bucket_domain_name": "dale-slack-bucket.s3.amazonaws.com",
                            "bucket_regional_domain_name": "dale-slack-bucket.s3.amazonaws.com",
                            "cors_rule.#": "0",
                            "force_destroy": "false",
                            "hosted_zone_id": "Z3AQBSTGFYJSTF",
                            "id": "dale-slack-bucket",
                            "logging.#": "0",
                            "region": "us-east-1",
                            "replication_configuration.#": "0",
                            "request_payer": "BucketOwner",
                            "server_side_encryption_configuration.#": "0",
                            "tags.%": "0",
                            "versioning.#": "1",
                            "versioning.0.enabled": "false",
                            "versioning.0.mfa_delete": "false",
                            "website.#": "0"
                        },
                        "meta": {},
                        "tainted": false
                    },
                    "deposed": [],
                    "provider": "provider.aws"
                },
                "aws_s3_bucket_object.dale-function": {
                    "type": "aws_s3_bucket_object",
                    "depends_on": [
                        "aws_s3_bucket.dale-bucket"
                    ],
                    "primary": {
                        "id": "dale-slack-lambda",
                        "attributes": {
                            "acl": "private",
                            "bucket": "dale-slack-bucket",
                            "cache_control": "",
                            "content_disposition": "",
                            "content_encoding": "",
                            "content_language": "",
                            "content_type": "binary/octet-stream",
                            "etag": "48b5a172a70a6f101e20fc2079712cc7",
                            "id": "dale-slack-lambda",
                            "key": "dale-slack-lambda",
                            "server_side_encryption": "",
                            "source": "./dale.zip",
                            "storage_class": "STANDARD",
                            "tags.%": "0",
                            "version_id": "",
                            "website_redirect": ""
                        },
                        "meta": {},
                        "tainted": false
                    },
                    "deposed": [],
                    "provider": "provider.aws"
                }
            },
            "depends_on": []
        }
    ]
}
